
Microsoft Visual Studio Solution File, Format Version 12.00
# Visual Studio Version 16
VisualStudioVersion = 16.0.29519.87
MinimumVisualStudioVersion = 10.0.40219.1
Project("{FAE04EC0-301F-11D3-BF4B-00C04F79EFBC}") = "StudentSIMS", "StudentSIMS\StudentSIMS.csproj", "{87BC4350-66C0-4F60-9D62-C9BDE378A684}"
EndProject
Global
	GlobalSection(SolutionConfigurationPlatforms) = preSolution
		Debug|Any CPU = Debug|Any CPU
		Release|Any CPU = Release|Any CPU
	EndGlobalSection
	GlobalSection(ProjectConfigurationPlatforms) = postSolution
		{87BC4350-66C0-4F60-9D62-C9BDE378A684}.Debug|Any CPU.ActiveCfg = Debug|Any CPU
		{87BC4350-66C0-4F60-9D62-C9BDE378A684}.Debug|Any CPU.Build.0 = Debug|Any CPU
		{87BC4350-66C0-4F60-9D62-C9BDE378A684}.Release|Any CPU.ActiveCfg = Release|Any CPU
		{87BC4350-66C0-4F60-9D62-C9BDE378A684}.Release|Any CPU.Build.0 = Release|Any CPU
	EndGlobalSection
	GlobalSection(SolutionProperties) = preSolution
		HideSolutionNode = FALSE
	EndGlobalSection
	GlobalSection(ExtensibilityGlobals) = postSolution
		SolutionGuid = {31A0CB15-676D-4E62-8884-1787E33AF4E3}
	EndGlobalSection
EndGlobal
